
Microsoft Visual Studio Solution File, Format Version 12.00
# Visual Studio Version 16
VisualStudioVersion = 16.0.29709.97
MinimumVisualStudioVersion = 10.0.40219.1
Project("{FAE04EC0-301F-11D3-BF4B-00C04F79EFBC}") = "Sultanlar.Class", "Sultanlar.Class\Sultanlar.Class.csproj", "{6368880D-50C3-4E33-9ECF-2C416E832BE9}"
EndProject
Project("{FAE04EC0-301F-11D3-BF4B-00C04F79EFBC}") = "Sultanlar.DatabaseObject", "Sultanlar.DatabaseObject\Sultanlar.DatabaseObject.csproj", "{4DC20636-1474-437F-9A16-FF1B32D145FE}"
EndProject
Project("{FAE04EC0-301F-11D3-BF4B-00C04F79EFBC}") = "Sultanlar.DbObj", "Sultanlar.DbObj\Sultanlar.DbObj.csproj", "{AA50120A-B839-4712-9471-84A7CC28ED5C}"
EndProject
Project("{FAE04EC0-301F-11D3-BF4B-00C04F79EFBC}") = "Sultanlar.UI", "Sultanlar.UI\Sultanlar.UI.csproj", "{4EB61050-7673-44BD-86B6-90BDFED74D08}"
EndProject
Project("{FAE04EC0-301F-11D3-BF4B-00C04F79EFBC}") = "Sultanlar.WCF", "Sultanlar.WCF\Sultanlar.WCF.csproj", "{0CEAA129-50C9-43E1-9A17-BD0D90109092}"
EndProject
Project("{9A19103F-16F7-4668-BE54-9A1E7A4F7556}") = "Sultanlar.WebAPI", "Sultanlar.WebAPI\Sultanlar.WebAPI.csproj", "{4A50527F-CE72-4D06-AD83-1388075832AC}"
EndProject
Project("{FAE04EC0-301F-11D3-BF4B-00C04F79EFBC}") = "Sultanlar.WebUI", "Sultanlar.WebUI\Sultanlar.WebUI.csproj", "{787A113E-F766-453A-8281-361079E88CFD}"
EndProject
Project("{FAE04EC0-301F-11D3-BF4B-00C04F79EFBC}") = "Sultanlar.WindowsServiceIslemler", "Sultanlar.WindowsServiceIslemler\Sultanlar.WindowsServiceIslemler.csproj", "{FA020367-154D-43C1-8115-6AD92315AA88}"
EndProject
Project("{9A19103F-16F7-4668-BE54-9A1E7A4F7556}") = "Sultanlar.WUI", "Sultanlar.WUI\Sultanlar.WUI.csproj", "{70071685-3D80-4A4A-AC77-4EA2B67ADD90}"
EndProject
Project("{9A19103F-16F7-4668-BE54-9A1E7A4F7556}") = "Sultanlar.Html", "Sultanlar.Html\Sultanlar.Html.csproj", "{D1EFD87A-0C43-4A45-BF90-6C8D521FFA65}"
EndProject
Global
	GlobalSection(SolutionConfigurationPlatforms) = preSolution
		Debug|Any CPU = Debug|Any CPU
		Release|Any CPU = Release|Any CPU
	EndGlobalSection
	GlobalSection(ProjectConfigurationPlatforms) = postSolution
		{6368880D-50C3-4E33-9ECF-2C416E832BE9}.Debug|Any CPU.ActiveCfg = Debug|Any CPU
		{6368880D-50C3-4E33-9ECF-2C416E832BE9}.Debug|Any CPU.Build.0 = Debug|Any CPU
		{6368880D-50C3-4E33-9ECF-2C416E832BE9}.Release|Any CPU.ActiveCfg = Release|Any CPU
		{6368880D-50C3-4E33-9ECF-2C416E832BE9}.Release|Any CPU.Build.0 = Release|Any CPU
		{4DC20636-1474-437F-9A16-FF1B32D145FE}.Debug|Any CPU.ActiveCfg = Debug|Any CPU
		{4DC20636-1474-437F-9A16-FF1B32D145FE}.Debug|Any CPU.Build.0 = Debug|Any CPU
		{4DC20636-1474-437F-9A16-FF1B32D145FE}.Release|Any CPU.ActiveCfg = Release|Any CPU
		{4DC20636-1474-437F-9A16-FF1B32D145FE}.Release|Any CPU.Build.0 = Release|Any CPU
		{AA50120A-B839-4712-9471-84A7CC28ED5C}.Debug|Any CPU.ActiveCfg = Debug|Any CPU
		{AA50120A-B839-4712-9471-84A7CC28ED5C}.Debug|Any CPU.Build.0 = Debug|Any CPU
		{AA50120A-B839-4712-9471-84A7CC28ED5C}.Release|Any CPU.ActiveCfg = Release|Any CPU
		{AA50120A-B839-4712-9471-84A7CC28ED5C}.Release|Any CPU.Build.0 = Release|Any CPU
		{4EB61050-7673-44BD-86B6-90BDFED74D08}.Debug|Any CPU.ActiveCfg = Debug|x86
		{4EB61050-7673-44BD-86B6-90BDFED74D08}.Debug|Any CPU.Build.0 = Debug|x86
		{4EB61050-7673-44BD-86B6-90BDFED74D08}.Release|Any CPU.ActiveCfg = Release|x86
		{0CEAA129-50C9-43E1-9A17-BD0D90109092}.Debug|Any CPU.ActiveCfg = Debug|Any CPU
		{0CEAA129-50C9-43E1-9A17-BD0D90109092}.Debug|Any CPU.Build.0 = Debug|Any CPU
		{0CEAA129-50C9-43E1-9A17-BD0D90109092}.Release|Any CPU.ActiveCfg = Release|Any CPU
		{0CEAA129-50C9-43E1-9A17-BD0D90109092}.Release|Any CPU.Build.0 = Release|Any CPU
		{4A50527F-CE72-4D06-AD83-1388075832AC}.Debug|Any CPU.ActiveCfg = Debug|Any CPU
		{4A50527F-CE72-4D06-AD83-1388075832AC}.Debug|Any CPU.Build.0 = Debug|Any CPU
		{4A50527F-CE72-4D06-AD83-1388075832AC}.Release|Any CPU.ActiveCfg = Release|Any CPU
		{4A50527F-CE72-4D06-AD83-1388075832AC}.Release|Any CPU.Build.0 = Release|Any CPU
		{787A113E-F766-453A-8281-361079E88CFD}.Debug|Any CPU.ActiveCfg = Debug|Any CPU
		{787A113E-F766-453A-8281-361079E88CFD}.Debug|Any CPU.Build.0 = Debug|Any CPU
		{787A113E-F766-453A-8281-361079E88CFD}.Release|Any CPU.ActiveCfg = Release|Any CPU
		{787A113E-F766-453A-8281-361079E88CFD}.Release|Any CPU.Build.0 = Release|Any CPU
		{FA020367-154D-43C1-8115-6AD92315AA88}.Debug|Any CPU.ActiveCfg = Debug|x86
		{FA020367-154D-43C1-8115-6AD92315AA88}.Debug|Any CPU.Build.0 = Debug|x86
		{FA020367-154D-43C1-8115-6AD92315AA88}.Release|Any CPU.ActiveCfg = Release|x86
		{70071685-3D80-4A4A-AC77-4EA2B67ADD90}.Debug|Any CPU.ActiveCfg = Debug|Any CPU
		{70071685-3D80-4A4A-AC77-4EA2B67ADD90}.Debug|Any CPU.Build.0 = Debug|Any CPU
		{70071685-3D80-4A4A-AC77-4EA2B67ADD90}.Release|Any CPU.ActiveCfg = Release|Any CPU
		{70071685-3D80-4A4A-AC77-4EA2B67ADD90}.Release|Any CPU.Build.0 = Release|Any CPU
		{D1EFD87A-0C43-4A45-BF90-6C8D521FFA65}.Debug|Any CPU.ActiveCfg = Debug|Any CPU
		{D1EFD87A-0C43-4A45-BF90-6C8D521FFA65}.Release|Any CPU.ActiveCfg = Release|Any CPU
		{D1EFD87A-0C43-4A45-BF90-6C8D521FFA65}.Release|Any CPU.Build.0 = Release|Any CPU
	EndGlobalSection
	GlobalSection(SolutionProperties) = preSolution
		HideSolutionNode = FALSE
	EndGlobalSection
	GlobalSection(ExtensibilityGlobals) = postSolution
		SolutionGuid = {35A63377-D8EA-432A-8F13-219FE6920B13}
	EndGlobalSection
EndGlobal
