
Microsoft Visual Studio Solution File, Format Version 12.00
# Visual Studio Version 16
VisualStudioVersion = 16.0.29709.97
MinimumVisualStudioVersion = 10.0.40219.1
Project("{FAE04EC0-301F-11D3-BF4B-00C04F79EFBC}") = "Sultanlar.Class", "Sultanlar.Class\Sultanlar.Class.csproj", "{6368880D-50C3-4E33-9ECF-2C416E832BE9}"
EndProject
Project("{FAE04EC0-301F-11D3-BF4B-00C04F79EFBC}") = "Sultanlar.DatabaseObject", "Sultanlar.DatabaseObject\Sultanlar.DatabaseObject.csproj", "{4DC20636-1474-437F-9A16-FF1B32D145FE}"
EndProject
Project("{FAE04EC0-301F-11D3-BF4B-00C04F79EFBC}") = "Sultanlar.DbObj", "Sultanlar.DbObj\Sultanlar.DbObj.csproj", "{AA50120A-B839-4712-9471-84A7CC28ED5C}"
EndProject
Project("{FAE04EC0-301F-11D3-BF4B-00C04F79EFBC}") = "Sultanlar.UI", "Sultanlar.UI\Sultanlar.UI.csproj", "{FCBFB0C6-1C4A-40EC-BDB3-8B329CD3E69A}"
EndProject
Global
	GlobalSection(SolutionConfigurationPlatforms) = preSolution
		Debug|Any CPU = Debug|Any CPU
		Release|Any CPU = Release|Any CPU
	EndGlobalSection
	GlobalSection(ProjectConfigurationPlatforms) = postSolution
		{6368880D-50C3-4E33-9ECF-2C416E832BE9}.Debug|Any CPU.ActiveCfg = Debug|Any CPU
		{6368880D-50C3-4E33-9ECF-2C416E832BE9}.Debug|Any CPU.Build.0 = Debug|Any CPU
		{6368880D-50C3-4E33-9ECF-2C416E832BE9}.Release|Any CPU.ActiveCfg = Release|Any CPU
		{6368880D-50C3-4E33-9ECF-2C416E832BE9}.Release|Any CPU.Build.0 = Release|Any CPU
		{4DC20636-1474-437F-9A16-FF1B32D145FE}.Debug|Any CPU.ActiveCfg = Debug|Any CPU
		{4DC20636-1474-437F-9A16-FF1B32D145FE}.Debug|Any CPU.Build.0 = Debug|Any CPU
		{4DC20636-1474-437F-9A16-FF1B32D145FE}.Release|Any CPU.ActiveCfg = Release|Any CPU
		{4DC20636-1474-437F-9A16-FF1B32D145FE}.Release|Any CPU.Build.0 = Release|Any CPU
		{AA50120A-B839-4712-9471-84A7CC28ED5C}.Debug|Any CPU.ActiveCfg = Debug|Any CPU
		{AA50120A-B839-4712-9471-84A7CC28ED5C}.Debug|Any CPU.Build.0 = Debug|Any CPU
		{AA50120A-B839-4712-9471-84A7CC28ED5C}.Release|Any CPU.ActiveCfg = Release|Any CPU
		{AA50120A-B839-4712-9471-84A7CC28ED5C}.Release|Any CPU.Build.0 = Release|Any CPU
		{FCBFB0C6-1C4A-40EC-BDB3-8B329CD3E69A}.Debug|Any CPU.ActiveCfg = Debug|Any CPU
		{FCBFB0C6-1C4A-40EC-BDB3-8B329CD3E69A}.Debug|Any CPU.Build.0 = Debug|Any CPU
		{FCBFB0C6-1C4A-40EC-BDB3-8B329CD3E69A}.Release|Any CPU.ActiveCfg = Release|Any CPU
		{FCBFB0C6-1C4A-40EC-BDB3-8B329CD3E69A}.Release|Any CPU.Build.0 = Release|Any CPU
	EndGlobalSection
	GlobalSection(SolutionProperties) = preSolution
		HideSolutionNode = FALSE
	EndGlobalSection
	GlobalSection(ExtensibilityGlobals) = postSolution
		SolutionGuid = {35A63377-D8EA-432A-8F13-219FE6920B13}
	EndGlobalSection
EndGlobal
